// !$*UTF8*$!
{
	archiveVersion = 1;
	classes = {
	};
	objectVersion = 60;
	objects = {

/* Begin PBXBuildFile section */
		10000000000000000000001C /* AppConfig.swift in Sources */ = {isa = PBXBuildFile; fileRef = 100000000000000000000010 /* AppConfig.swift */; };
		10000000000000000000001D /* NetworkMonitor.swift in Sources */ = {isa = PBXBuildFile; fileRef = 100000000000000000000011 /* NetworkMonitor.swift */; };
		10000000000000000000001E /* AppLockController.swift in Sources */ = {isa = PBXBuildFile; fileRef = 100000000000000000000012 /* AppLockController.swift */; };
		10000000000000000000001F /* ShareSheet.swift in Sources */ = {isa = PBXBuildFile; fileRef = 100000000000000000000013 /* ShareSheet.swift */; };
		100000000000000000000020 /* SessionLockView.swift in Sources */ = {isa = PBXBuildFile; fileRef = 100000000000000000000014 /* SessionLockView.swift */; };
		100000000000000000000021 /* ConfigErrorView.swift in Sources */ = {isa = PBXBuildFile; fileRef = 100000000000000000000015 /* ConfigErrorView.swift */; };
		100000000000000000000022 /* SecureWebView.swift in Sources */ = {isa = PBXBuildFile; fileRef = 100000000000000000000016 /* SecureWebView.swift */; };
		100000000000000000000023 /* RootView.swift in Sources */ = {isa = PBXBuildFile; fileRef = 100000000000000000000017 /* RootView.swift */; };
		100000000000000000000024 /* KontrollOgOppsynNativeApp.swift in Sources */ = {isa = PBXBuildFile; fileRef = 100000000000000000000018 /* KontrollOgOppsynNativeApp.swift */; };
		100000000000000000000025 /* Assets.xcassets in Resources */ = {isa = PBXBuildFile; fileRef = 100000000000000000000019 /* Assets.xcassets */; };
		100000000000000000000026 /* AppConfig.plist in Resources */ = {isa = PBXBuildFile; fileRef = 10000000000000000000001A /* AppConfig.plist */; };
		100000000000000000000027 /* PrivacyInfo.xcprivacy in Resources */ = {isa = PBXBuildFile; fileRef = 10000000000000000000001B /* PrivacyInfo.xcprivacy */; };
/* End PBXBuildFile section */

/* Begin PBXFileReference section */
		100000000000000000000004 /* KontrollOgOppsynNative.app */ = {isa = PBXFileReference; explicitFileType = wrapper.application; includeInIndex = 0; path = KontrollOgOppsynNative.app; sourceTree = BUILT_PRODUCTS_DIR; };
		100000000000000000000010 /* AppConfig.swift */ = {isa = PBXFileReference; lastKnownFileType = sourcecode.swift; path = AppConfig.swift; sourceTree = "<group>"; };
		100000000000000000000011 /* NetworkMonitor.swift */ = {isa = PBXFileReference; lastKnownFileType = sourcecode.swift; path = NetworkMonitor.swift; sourceTree = "<group>"; };
		100000000000000000000012 /* AppLockController.swift */ = {isa = PBXFileReference; lastKnownFileType = sourcecode.swift; path = AppLockController.swift; sourceTree = "<group>"; };
		100000000000000000000013 /* ShareSheet.swift */ = {isa = PBXFileReference; lastKnownFileType = sourcecode.swift; path = ShareSheet.swift; sourceTree = "<group>"; };
		100000000000000000000014 /* SessionLockView.swift */ = {isa = PBXFileReference; lastKnownFileType = sourcecode.swift; path = SessionLockView.swift; sourceTree = "<group>"; };
		100000000000000000000015 /* ConfigErrorView.swift */ = {isa = PBXFileReference; lastKnownFileType = sourcecode.swift; path = ConfigErrorView.swift; sourceTree = "<group>"; };
		100000000000000000000016 /* SecureWebView.swift */ = {isa = PBXFileReference; lastKnownFileType = sourcecode.swift; path = SecureWebView.swift; sourceTree = "<group>"; };
		100000000000000000000017 /* RootView.swift */ = {isa = PBXFileReference; lastKnownFileType = sourcecode.swift; path = RootView.swift; sourceTree = "<group>"; };
		100000000000000000000018 /* KontrollOgOppsynNativeApp.swift */ = {isa = PBXFileReference; lastKnownFileType = sourcecode.swift; path = KontrollOgOppsynNativeApp.swift; sourceTree = "<group>"; };
		100000000000000000000019 /* Assets.xcassets */ = {isa = PBXFileReference; lastKnownFileType = folder.assetcatalog; path = Assets.xcassets; sourceTree = "<group>"; };
		10000000000000000000001A /* AppConfig.plist */ = {isa = PBXFileReference; lastKnownFileType = text.plist.xml; path = AppConfig.plist; sourceTree = "<group>"; };
		10000000000000000000001B /* PrivacyInfo.xcprivacy */ = {isa = PBXFileReference; lastKnownFileType = text.plist.xml; path = PrivacyInfo.xcprivacy; sourceTree = "<group>"; };
/* End PBXFileReference section */

/* Begin PBXFrameworksBuildPhase section */
		100000000000000000000007 /* Frameworks */ = {
			isa = PBXFrameworksBuildPhase;
			buildActionMask = 2147483647;
			files = (
			);
			runOnlyForDeploymentPostprocessing = 0;
		};
/* End PBXFrameworksBuildPhase section */

/* Begin PBXGroup section */
		100000000000000000000001 = {
			isa = PBXGroup;
			children = (
				100000000000000000000003 /* KontrollOgOppsynNative */,
				100000000000000000000002 /* Products */,
			);
			sourceTree = "<group>";
		};
		100000000000000000000002 /* Products */ = {
			isa = PBXGroup;
			children = (
				100000000000000000000004 /* KontrollOgOppsynNative.app */,
			);
			name = Products;
			sourceTree = "<group>";
		};
		100000000000000000000003 /* KontrollOgOppsynNative */ = {
			isa = PBXGroup;
			children = (
				100000000000000000000010 /* AppConfig.swift */,
				100000000000000000000011 /* NetworkMonitor.swift */,
				100000000000000000000012 /* AppLockController.swift */,
				100000000000000000000013 /* ShareSheet.swift */,
				100000000000000000000014 /* SessionLockView.swift */,
				100000000000000000000015 /* ConfigErrorView.swift */,
				100000000000000000000016 /* SecureWebView.swift */,
				100000000000000000000017 /* RootView.swift */,
				100000000000000000000018 /* KontrollOgOppsynNativeApp.swift */,
				100000000000000000000019 /* Assets.xcassets */,
				10000000000000000000001A /* AppConfig.plist */,
				10000000000000000000001B /* PrivacyInfo.xcprivacy */,
			);
			path = KontrollOgOppsynNative;
			sourceTree = "<group>";
		};
/* End PBXGroup section */

/* Begin PBXNativeTarget section */
		100000000000000000000006 /* KontrollOgOppsynNative */ = {
			isa = PBXNativeTarget;
			buildConfigurationList = 10000000000000000000000B /* Build configuration list for PBXNativeTarget "KontrollOgOppsynNative" */;
			buildPhases = (
				100000000000000000000008 /* Sources */,
				100000000000000000000007 /* Frameworks */,
				100000000000000000000009 /* Resources */,
			);
			buildRules = (
			);
			dependencies = (
			);
			name = KontrollOgOppsynNative;
			productName = KontrollOgOppsynNative;
			productReference = 100000000000000000000004 /* KontrollOgOppsynNative.app */;
			productType = "com.apple.product-type.application";
		};
/* End PBXNativeTarget section */

/* Begin PBXProject section */
		100000000000000000000005 /* Project object */ = {
			isa = PBXProject;
			attributes = {
				BuildIndependentTargetsInParallel = 1;
				LastSwiftUpdateCheck = 1600;
				LastUpgradeCheck = 1600;
				TargetAttributes = {
					100000000000000000000006 = {
						CreatedOnToolsVersion = 16.0;
					};
				};
			};
			buildConfigurationList = 10000000000000000000000A /* Build configuration list for PBXProject "KontrollOgOppsynNative" */;
			compatibilityVersion = "Xcode 15.0";
			developmentRegion = en;
			hasScannedForEncodings = 0;
			knownRegions = (
				en,
				Base,
			);
			mainGroup = 100000000000000000000001;
			productRefGroup = 100000000000000000000002 /* Products */;
			projectDirPath = "";
			projectRoot = "";
			targets = (
				100000000000000000000006 /* KontrollOgOppsynNative */,
			);
		};
/* End PBXProject section */

/* Begin PBXResourcesBuildPhase section */
		100000000000000000000009 /* Resources */ = {
			isa = PBXResourcesBuildPhase;
			buildActionMask = 2147483647;
			files = (
				100000000000000000000025 /* Assets.xcassets in Resources */,
				100000000000000000000026 /* AppConfig.plist in Resources */,
				100000000000000000000027 /* PrivacyInfo.xcprivacy in Resources */,
			);
			runOnlyForDeploymentPostprocessing = 0;
		};
/* End PBXResourcesBuildPhase section */

/* Begin PBXSourcesBuildPhase section */
		100000000000000000000008 /* Sources */ = {
			isa = PBXSourcesBuildPhase;
			buildActionMask = 2147483647;
			files = (
				10000000000000000000001C /* AppConfig.swift in Sources */,
				10000000000000000000001D /* NetworkMonitor.swift in Sources */,
				10000000000000000000001E /* AppLockController.swift in Sources */,
				10000000000000000000001F /* ShareSheet.swift in Sources */,
				100000000000000000000020 /* SessionLockView.swift in Sources */,
				100000000000000000000021 /* ConfigErrorView.swift in Sources */,
				100000000000000000000022 /* SecureWebView.swift in Sources */,
				100000000000000000000023 /* RootView.swift in Sources */,
				100000000000000000000024 /* KontrollOgOppsynNativeApp.swift in Sources */,
			);
			runOnlyForDeploymentPostprocessing = 0;
		};
/* End PBXSourcesBuildPhase section */

/* Begin XCBuildConfiguration section */
		10000000000000000000000C /* Debug */ = {
			isa = XCBuildConfiguration;
			buildSettings = {
				ALWAYS_SEARCH_USER_PATHS = NO;
				CLANG_ANALYZER_NONNULL = YES;
				CLANG_ANALYZER_NUMBER_OBJECT_CONVERSION = YES_AGGRESSIVE;
				CLANG_CXX_LANGUAGE_STANDARD = "gnu++20";
				CLANG_ENABLE_MODULES = YES;
				CLANG_ENABLE_OBJC_ARC = YES;
				CLANG_ENABLE_OBJC_WEAK = YES;
				CLANG_WARN_DOCUMENTATION_COMMENTS = YES;
				COPY_PHASE_STRIP = NO;
				DEBUG_INFORMATION_FORMAT = dwarf;
				ENABLE_STRICT_OBJC_MSGSEND = YES;
				ENABLE_TESTABILITY = YES;
				ENABLE_USER_SCRIPT_SANDBOXING = YES;
				GCC_C_LANGUAGE_STANDARD = gnu17;
				GCC_OPTIMIZATION_LEVEL = 0;
				GCC_PREPROCESSOR_DEFINITIONS = (
					"DEBUG=1",
					"$(inherited)",
				);
				GCC_WARN_ABOUT_RETURN_TYPE = YES_ERROR;
				GCC_WARN_UNDECLARED_SELECTOR = YES;
				GCC_WARN_UNINITIALIZED_AUTOS = YES_AGGRESSIVE;
				GCC_WARN_UNUSED_FUNCTION = YES;
				GCC_WARN_UNUSED_VARIABLE = YES;
				IPHONEOS_DEPLOYMENT_TARGET = 16.0;
				MTL_ENABLE_DEBUG_INFO = INCLUDE_SOURCE;
				MTL_FAST_MATH = YES;
				ONLY_ACTIVE_ARCH = YES;
				SDKROOT = iphoneos;
				SWIFT_ACTIVE_COMPILATION_CONDITIONS = "DEBUG $(inherited)";
				SWIFT_OPTIMIZATION_LEVEL = "-Onone";
			};
			name = Debug;
		};
		10000000000000000000000D /* Release */ = {
			isa = XCBuildConfiguration;
			buildSettings = {
				ALWAYS_SEARCH_USER_PATHS = NO;
				CLANG_ANALYZER_NONNULL = YES;
				CLANG_ANALYZER_NUMBER_OBJECT_CONVERSION = YES_AGGRESSIVE;
				CLANG_CXX_LANGUAGE_STANDARD = "gnu++20";
				CLANG_ENABLE_MODULES = YES;
				CLANG_ENABLE_OBJC_ARC = YES;
				CLANG_ENABLE_OBJC_WEAK = YES;
				CLANG_WARN_DOCUMENTATION_COMMENTS = YES;
				COPY_PHASE_STRIP = NO;
				DEBUG_INFORMATION_FORMAT = "dwarf-with-dsym";
				ENABLE_NS_ASSERTIONS = NO;
				ENABLE_STRICT_OBJC_MSGSEND = YES;
				ENABLE_USER_SCRIPT_SANDBOXING = YES;
				GCC_C_LANGUAGE_STANDARD = gnu17;
				GCC_WARN_ABOUT_RETURN_TYPE = YES_ERROR;
				GCC_WARN_UNDECLARED_SELECTOR = YES;
				GCC_WARN_UNINITIALIZED_AUTOS = YES_AGGRESSIVE;
				GCC_WARN_UNUSED_FUNCTION = YES;
				GCC_WARN_UNUSED_VARIABLE = YES;
				IPHONEOS_DEPLOYMENT_TARGET = 16.0;
				MTL_ENABLE_DEBUG_INFO = NO;
				MTL_FAST_MATH = YES;
				SDKROOT = iphoneos;
				SWIFT_COMPILATION_MODE = wholemodule;
				VALIDATE_PRODUCT = YES;
			};
			name = Release;
		};
		10000000000000000000000E /* Debug */ = {
			isa = XCBuildConfiguration;
			buildSettings = {
				ASSETCATALOG_COMPILER_APPICON_NAME = AppIcon;
				ASSETCATALOG_COMPILER_GLOBAL_ACCENT_COLOR_NAME = AccentColor;
				CODE_SIGN_STYLE = Automatic;
				CURRENT_PROJECT_VERSION = 44;
				DEVELOPMENT_TEAM = "";
				ENABLE_PREVIEWS = YES;
				GENERATE_INFOPLIST_FILE = YES;
				INFOPLIST_KEY_CFBundleDisplayName = "Fiskerikontroll";
				INFOPLIST_KEY_NSCameraUsageDescription = "Appen bruker kamera ved OCR-søk og dokumentasjon av avvik.";
				INFOPLIST_KEY_NSFaceIDUsageDescription = "Face ID eller kode brukes for å beskytte kontrollopplysninger når appen åpnes på nytt.";
				INFOPLIST_KEY_NSLocationWhenInUseUsageDescription = "Appen bruker posisjon for kart, områdekontroll og regelvurdering.";
				INFOPLIST_KEY_NSMicrophoneUsageDescription = "Appen bruker mikrofon når kontrollør legger ved lydopptak eller tale.";
				INFOPLIST_KEY_NSPhotoLibraryAddUsageDescription = "Appen lagrer dokumentasjon og eksporterte filer som brukeren velger å dele eller lagre.";
				INFOPLIST_KEY_NSPhotoLibraryUsageDescription = "Appen bruker bilder og filer som dokumentasjon i saker.";
				INFOPLIST_KEY_UIApplicationSceneManifest_Generation = YES;
				INFOPLIST_KEY_UIApplicationSupportsIndirectInputEvents = YES;
				INFOPLIST_KEY_UILaunchScreen_Generation = YES;
				INFOPLIST_KEY_UISupportedInterfaceOrientations_iPad = "UIInterfaceOrientationPortrait UIInterfaceOrientationPortraitUpsideDown UIInterfaceOrientationLandscapeLeft UIInterfaceOrientationLandscapeRight";
				INFOPLIST_KEY_UISupportedInterfaceOrientations_iPhone = "UIInterfaceOrientationPortrait UIInterfaceOrientationLandscapeLeft UIInterfaceOrientationLandscapeRight";
				LD_RUNPATH_SEARCH_PATHS = (
					"$(inherited)",
					"@executable_path/Frameworks",
				);
				MARKETING_VERSION = 1.4.0;
				PRODUCT_BUNDLE_IDENTIFIER = no.example.kontrollogoppsyn.ios;
				PRODUCT_NAME = "$(TARGET_NAME)";
				SUPPORTED_PLATFORMS = "iphoneos iphonesimulator";
				SWIFT_EMIT_LOC_STRINGS = YES;
				SWIFT_VERSION = 5.0;
				TARGETED_DEVICE_FAMILY = "1,2";
			};
			name = Debug;
		};
		10000000000000000000000F /* Release */ = {
			isa = XCBuildConfiguration;
			buildSettings = {
				ASSETCATALOG_COMPILER_APPICON_NAME = AppIcon;
				ASSETCATALOG_COMPILER_GLOBAL_ACCENT_COLOR_NAME = AccentColor;
				CODE_SIGN_STYLE = Automatic;
				CURRENT_PROJECT_VERSION = 44;
				DEVELOPMENT_TEAM = "";
				ENABLE_PREVIEWS = YES;
				GENERATE_INFOPLIST_FILE = YES;
				INFOPLIST_KEY_CFBundleDisplayName = "Fiskerikontroll";
				INFOPLIST_KEY_NSCameraUsageDescription = "Appen bruker kamera ved OCR-søk og dokumentasjon av avvik.";
				INFOPLIST_KEY_NSFaceIDUsageDescription = "Face ID eller kode brukes for å beskytte kontrollopplysninger når appen åpnes på nytt.";
				INFOPLIST_KEY_NSLocationWhenInUseUsageDescription = "Appen bruker posisjon for kart, områdekontroll og regelvurdering.";
				INFOPLIST_KEY_NSMicrophoneUsageDescription = "Appen bruker mikrofon når kontrollør legger ved lydopptak eller tale.";
				INFOPLIST_KEY_NSPhotoLibraryAddUsageDescription = "Appen lagrer dokumentasjon og eksporterte filer som brukeren velger å dele eller lagre.";
				INFOPLIST_KEY_NSPhotoLibraryUsageDescription = "Appen bruker bilder og filer som dokumentasjon i saker.";
				INFOPLIST_KEY_UIApplicationSceneManifest_Generation = YES;
				INFOPLIST_KEY_UIApplicationSupportsIndirectInputEvents = YES;
				INFOPLIST_KEY_UILaunchScreen_Generation = YES;
				INFOPLIST_KEY_UISupportedInterfaceOrientations_iPad = "UIInterfaceOrientationPortrait UIInterfaceOrientationPortraitUpsideDown UIInterfaceOrientationLandscapeLeft UIInterfaceOrientationLandscapeRight";
				INFOPLIST_KEY_UISupportedInterfaceOrientations_iPhone = "UIInterfaceOrientationPortrait UIInterfaceOrientationLandscapeLeft UIInterfaceOrientationLandscapeRight";
				LD_RUNPATH_SEARCH_PATHS = (
					"$(inherited)",
					"@executable_path/Frameworks",
				);
				MARKETING_VERSION = 1.4.0;
				PRODUCT_BUNDLE_IDENTIFIER = no.example.kontrollogoppsyn.ios;
				PRODUCT_NAME = "$(TARGET_NAME)";
				SUPPORTED_PLATFORMS = "iphoneos iphonesimulator";
				SWIFT_EMIT_LOC_STRINGS = YES;
				SWIFT_VERSION = 5.0;
				TARGETED_DEVICE_FAMILY = "1,2";
			};
			name = Release;
		};
/* End XCBuildConfiguration section */

/* Begin XCConfigurationList section */
		10000000000000000000000A /* Build configuration list for PBXProject "KontrollOgOppsynNative" */ = {
			isa = XCConfigurationList;
			buildConfigurations = (
				10000000000000000000000C /* Debug */,
				10000000000000000000000D /* Release */,
			);
			defaultConfigurationIsVisible = 0;
			defaultConfigurationName = Release;
		};
		10000000000000000000000B /* Build configuration list for PBXNativeTarget "KontrollOgOppsynNative" */ = {
			isa = XCConfigurationList;
			buildConfigurations = (
				10000000000000000000000E /* Debug */,
				10000000000000000000000F /* Release */,
			);
			defaultConfigurationIsVisible = 0;
			defaultConfigurationName = Release;
		};
/* End XCConfigurationList section */
	};
	rootObject = 100000000000000000000005 /* Project object */;
}
